{
  "requires": true,
  "lockfileVersion": 1,
  "dependencies": {
    "ngx-ui-loader": {
      "version": "9.1.1",
      "resolved": "https://registry.npmjs.org/ngx-ui-loader/-/ngx-ui-loader-9.1.1.tgz",
      "integrity": "sha512-Kshv0hjHe8rEJs9UEQvjiRj/Tub3Ou3DxqiYg4ejVVHap3A4+wZwnCEDK43Mc2H+ln8WRJkZMzFX8LPHy+0wsg=="
    }
  }
}
